
Microsoft Visual Studio Solution File, Format Version 12.00
# Visual Studio Version 17
VisualStudioVersion = 17.4.33213.308
MinimumVisualStudioVersion = 10.0.40219.1
Project("{9A19103F-16F7-4668-BE54-9A1E7A4F7556}") = "JailTalk.Web", "JailTalk.Web\JailTalk.Web.csproj", "{2D04B259-6817-40BE-9F68-940A171B67F5}"
EndProject
Project("{9A19103F-16F7-4668-BE54-9A1E7A4F7556}") = "JailTalk.Application", "JailTalk.Application\JailTalk.Application.csproj", "{9DB07864-2339-431F-8C00-B1708DCB4277}"
EndProject
Project("{9A19103F-16F7-4668-BE54-9A1E7A4F7556}") = "JailTalk.Infrastructure", "JailTalk.Infrastructure\JailTalk.Infrastructure.csproj", "{08A79470-6A58-45AB-94C8-F66501E06959}"
EndProject
Project("{9A19103F-16F7-4668-BE54-9A1E7A4F7556}") = "JailTalk.Domain", "JailTalk.Domain\JailTalk.Domain.csproj", "{54246342-33EB-4A39-AC3F-CBF8FA9C802D}"
EndProject
Project("{9A19103F-16F7-4668-BE54-9A1E7A4F7556}") = "JailTalk.Shared", "JailTalk.Shared\JailTalk.Shared.csproj", "{C7366666-0086-4D00-9BE3-772DAFEF3763}"
EndProject
Global
	GlobalSection(SolutionConfigurationPlatforms) = preSolution
		Debug|Any CPU = Debug|Any CPU
		Release|Any CPU = Release|Any CPU
	EndGlobalSection
	GlobalSection(ProjectConfigurationPlatforms) = postSolution
		{2D04B259-6817-40BE-9F68-940A171B67F5}.Debug|Any CPU.ActiveCfg = Debug|Any CPU
		{2D04B259-6817-40BE-9F68-940A171B67F5}.Debug|Any CPU.Build.0 = Debug|Any CPU
		{2D04B259-6817-40BE-9F68-940A171B67F5}.Release|Any CPU.ActiveCfg = Release|Any CPU
		{2D04B259-6817-40BE-9F68-940A171B67F5}.Release|Any CPU.Build.0 = Release|Any CPU
		{9DB07864-2339-431F-8C00-B1708DCB4277}.Debug|Any CPU.ActiveCfg = Debug|Any CPU
		{9DB07864-2339-431F-8C00-B1708DCB4277}.Debug|Any CPU.Build.0 = Debug|Any CPU
		{9DB07864-2339-431F-8C00-B1708DCB4277}.Release|Any CPU.ActiveCfg = Release|Any CPU
		{9DB07864-2339-431F-8C00-B1708DCB4277}.Release|Any CPU.Build.0 = Release|Any CPU
		{08A79470-6A58-45AB-94C8-F66501E06959}.Debug|Any CPU.ActiveCfg = Debug|Any CPU
		{08A79470-6A58-45AB-94C8-F66501E06959}.Debug|Any CPU.Build.0 = Debug|Any CPU
		{08A79470-6A58-45AB-94C8-F66501E06959}.Release|Any CPU.ActiveCfg = Release|Any CPU
		{08A79470-6A58-45AB-94C8-F66501E06959}.Release|Any CPU.Build.0 = Release|Any CPU
		{54246342-33EB-4A39-AC3F-CBF8FA9C802D}.Debug|Any CPU.ActiveCfg = Debug|Any CPU
		{54246342-33EB-4A39-AC3F-CBF8FA9C802D}.Debug|Any CPU.Build.0 = Debug|Any CPU
		{54246342-33EB-4A39-AC3F-CBF8FA9C802D}.Release|Any CPU.ActiveCfg = Release|Any CPU
		{54246342-33EB-4A39-AC3F-CBF8FA9C802D}.Release|Any CPU.Build.0 = Release|Any CPU
		{C7366666-0086-4D00-9BE3-772DAFEF3763}.Debug|Any CPU.ActiveCfg = Debug|Any CPU
		{C7366666-0086-4D00-9BE3-772DAFEF3763}.Debug|Any CPU.Build.0 = Debug|Any CPU
		{C7366666-0086-4D00-9BE3-772DAFEF3763}.Release|Any CPU.ActiveCfg = Release|Any CPU
		{C7366666-0086-4D00-9BE3-772DAFEF3763}.Release|Any CPU.Build.0 = Release|Any CPU
	EndGlobalSection
	GlobalSection(SolutionProperties) = preSolution
		HideSolutionNode = FALSE
	EndGlobalSection
	GlobalSection(ExtensibilityGlobals) = postSolution
		SolutionGuid = {C653DC52-ACE7-4B85-80B5-24B17071B55B}
	EndGlobalSection
EndGlobal
